// !$*UTF8*$!
{ "archiveVersion" = 1; "classes" = {  }; "objectVersion" = 56; "objects" = { "000000000000000000000001" = { "isa" = "PBXFileReference"; "lastKnownFileType" = "sourcecode.swift"; "path" = "Kioku/App.swift"; "sourceTree" = "<group>"; }; "000000000000000000000002" = { "isa" = "PBXBuildFile"; "fileRef" = "000000000000000000000001"; }; "000000000000000000000003" = { "isa" = "PBXFileReference"; "lastKnownFileType" = "sourcecode.swift"; "path" = "Kioku/Engine.swift"; "sourceTree" = "<group>"; }; "000000000000000000000004" = { "isa" = "PBXBuildFile"; "fileRef" = "000000000000000000000003"; }; "000000000000000000000005" = { "isa" = "PBXFileReference"; "lastKnownFileType" = "sourcecode.swift"; "path" = "Kioku/Actions.swift"; "sourceTree" = "<group>"; }; "000000000000000000000006" = { "isa" = "PBXBuildFile"; "fileRef" = "000000000000000000000005"; }; "000000000000000000000007" = { "isa" = "PBXFileReference"; "lastKnownFileType" = "sourcecode.swift"; "path" = "Kioku/DisplayMode.swift"; "sourceTree" = "<group>"; }; "000000000000000000000008" = { "isa" = "PBXBuildFile"; "fileRef" = "000000000000000000000007"; }; "000000000000000000000009" = { "isa" = "PBXFileReference"; "lastKnownFileType" = "sourcecode.swift"; "path" = "Kioku/TextLayout.swift"; "sourceTree" = "<group>"; }; "00000000000000000000000A" = { "isa" = "PBXBuildFile"; "fileRef" = "000000000000000000000009"; }; "00000000000000000000000B" = { "isa" = "PBXFileReference"; "lastKnownFileType" = "sourcecode.swift"; "path" = "test/UITests.swift"; "sourceTree" = "<group>"; }; "00000000000000000000000C" = { "isa" = "PBXBuildFile"; "fileRef" = "00000000000000000000000B"; }; "00000000000000000000000D" = { "isa" = "PBXFileReference"; "lastKnownFileType" = "text.plist.strings"; "name" = "en"; "path" = "Kioku/en.lproj/Localizable.strings"; "sourceTree" = "<group>"; }; "00000000000000000000000E" = { "isa" = "PBXFileReference"; "lastKnownFileType" = "text.plist.strings"; "name" = "zh-Hant"; "path" = "Kioku/zh-Hant.lproj/Localizable.strings"; "sourceTree" = "<group>"; }; "00000000000000000000000F" = { "isa" = "PBXVariantGroup"; "name" = "Localizable.strings"; "children" = ("00000000000000000000000D", "00000000000000000000000E"); "sourceTree" = "<group>"; }; "000000000000000000000010" = { "isa" = "PBXBuildFile"; "fileRef" = "00000000000000000000000F"; }; "000000000000000000000011" = { "isa" = "PBXResourcesBuildPhase"; "buildActionMask" = 2147483647; "files" = ("000000000000000000000010"); "runOnlyForDeploymentPostprocessing" = 0; }; "000000000000000000000012" = { "isa" = "PBXFileReference"; "explicitFileType" = "wrapper.application"; "path" = "Kioku.app"; "sourceTree" = "BUILT_PRODUCTS_DIR"; }; "000000000000000000000013" = { "isa" = "PBXFileReference"; "explicitFileType" = "wrapper.cfbundle"; "path" = "KiokuUITests.xctest"; "sourceTree" = "BUILT_PRODUCTS_DIR"; }; "000000000000000000000014" = { "isa" = "PBXGroup"; "name" = "Products"; "children" = ("000000000000000000000012", "000000000000000000000013"); "sourceTree" = "<group>"; }; "000000000000000000000015" = { "isa" = "PBXGroup"; "children" = ("000000000000000000000001", "000000000000000000000003", "000000000000000000000005", "000000000000000000000007", "000000000000000000000009", "00000000000000000000000B", "00000000000000000000000F", "000000000000000000000014"); "sourceTree" = "<group>"; }; "000000000000000000000016" = { "isa" = "PBXSourcesBuildPhase"; "buildActionMask" = 2147483647; "files" = ("000000000000000000000002", "000000000000000000000004", "000000000000000000000006", "000000000000000000000008", "00000000000000000000000A"); "runOnlyForDeploymentPostprocessing" = 0; }; "000000000000000000000017" = { "isa" = "PBXShellScriptBuildPhase"; "name" = "Bundle Go engine"; "buildActionMask" = 2147483647; "files" = (); "inputPaths" = (); "outputPaths" = (); "runOnlyForDeploymentPostprocessing" = 0; "shellPath" = "/bin/bash"; "shellScript" = "bash \"$SRCROOT/build-engine.sh\""; "alwaysOutOfDate" = 1; }; "000000000000000000000018" = { "isa" = "XCBuildConfiguration"; "name" = "Debug"; "buildSettings" = { "PRODUCT_NAME" = "$(TARGET_NAME)"; "PRODUCT_BUNDLE_IDENTIFIER" = "com.kioku.mac"; "INFOPLIST_FILE" = "Kioku/Info.plist"; "SWIFT_VERSION" = "6.0"; "SWIFT_STRICT_CONCURRENCY" = "complete"; "CODE_SIGN_IDENTITY" = "-"; "CODE_SIGN_STYLE" = "Manual"; "ENABLE_APP_SANDBOX" = "NO"; "ENABLE_USER_SCRIPT_SANDBOXING" = "NO"; "COMBINE_HIDPI_IMAGES" = "YES"; "SWIFT_OPTIMIZATION_LEVEL" = "-Onone"; "SWIFT_ACTIVE_COMPILATION_CONDITIONS" = "$(inherited) DEBUG"; }; }; "000000000000000000000019" = { "isa" = "XCBuildConfiguration"; "name" = "Release"; "buildSettings" = { "PRODUCT_NAME" = "$(TARGET_NAME)"; "PRODUCT_BUNDLE_IDENTIFIER" = "com.kioku.mac"; "INFOPLIST_FILE" = "Kioku/Info.plist"; "SWIFT_VERSION" = "6.0"; "SWIFT_STRICT_CONCURRENCY" = "complete"; "CODE_SIGN_IDENTITY" = "-"; "CODE_SIGN_STYLE" = "Manual"; "ENABLE_APP_SANDBOX" = "NO"; "ENABLE_USER_SCRIPT_SANDBOXING" = "NO"; "COMBINE_HIDPI_IMAGES" = "YES"; "SWIFT_OPTIMIZATION_LEVEL" = "-O"; "SWIFT_ACTIVE_COMPILATION_CONDITIONS" = "$(inherited)"; }; }; "00000000000000000000001A" = { "isa" = "XCConfigurationList"; "buildConfigurations" = ("000000000000000000000018", "000000000000000000000019"); "defaultConfigurationIsVisible" = 0; "defaultConfigurationName" = "Release"; }; "00000000000000000000001B" = { "isa" = "PBXNativeTarget"; "buildConfigurationList" = "00000000000000000000001A"; "buildPhases" = ("000000000000000000000016", "000000000000000000000011", "000000000000000000000017"); "buildRules" = (); "dependencies" = (); "name" = "Kioku"; "productName" = "Kioku"; "productReference" = "000000000000000000000012"; "productType" = "com.apple.product-type.application"; }; "00000000000000000000001C" = { "isa" = "PBXSourcesBuildPhase"; "buildActionMask" = 2147483647; "files" = ("00000000000000000000000C"); "runOnlyForDeploymentPostprocessing" = 0; }; "00000000000000000000001D" = { "isa" = "XCBuildConfiguration"; "name" = "Debug"; "buildSettings" = { "PRODUCT_NAME" = "$(TARGET_NAME)"; "PRODUCT_BUNDLE_IDENTIFIER" = "com.kioku.mac.uitests"; "GENERATE_INFOPLIST_FILE" = "YES"; "SWIFT_VERSION" = "6.0"; "CODE_SIGN_IDENTITY" = "-"; "CODE_SIGN_STYLE" = "Manual"; "TEST_TARGET_NAME" = "Kioku"; "INFOPLIST_KEY_KiokuFixtureHome" = "$(KIOKU_E2E_HOME)"; "SWIFT_OPTIMIZATION_LEVEL" = "-Onone"; "SWIFT_ACTIVE_COMPILATION_CONDITIONS" = "$(inherited) DEBUG"; }; }; "00000000000000000000001E" = { "isa" = "XCBuildConfiguration"; "name" = "Release"; "buildSettings" = { "PRODUCT_NAME" = "$(TARGET_NAME)"; "PRODUCT_BUNDLE_IDENTIFIER" = "com.kioku.mac.uitests"; "GENERATE_INFOPLIST_FILE" = "YES"; "SWIFT_VERSION" = "6.0"; "CODE_SIGN_IDENTITY" = "-"; "CODE_SIGN_STYLE" = "Manual"; "TEST_TARGET_NAME" = "Kioku"; "INFOPLIST_KEY_KiokuFixtureHome" = "$(KIOKU_E2E_HOME)"; "SWIFT_OPTIMIZATION_LEVEL" = "-O"; "SWIFT_ACTIVE_COMPILATION_CONDITIONS" = "$(inherited)"; }; }; "00000000000000000000001F" = { "isa" = "XCConfigurationList"; "buildConfigurations" = ("00000000000000000000001D", "00000000000000000000001E"); "defaultConfigurationIsVisible" = 0; "defaultConfigurationName" = "Release"; }; "000000000000000000000020" = { "isa" = "PBXNativeTarget"; "buildConfigurationList" = "00000000000000000000001F"; "buildPhases" = ("00000000000000000000001C"); "buildRules" = (); "dependencies" = (); "name" = "KiokuUITests"; "productName" = "KiokuUITests"; "productReference" = "000000000000000000000013"; "productType" = "com.apple.product-type.bundle.ui-testing"; }; "000000000000000000000021" = { "isa" = "XCBuildConfiguration"; "name" = "Debug"; "buildSettings" = { "SDKROOT" = "macosx"; "MACOSX_DEPLOYMENT_TARGET" = "14.0"; "CLANG_ENABLE_MODULES" = "YES"; "SWIFT_OPTIMIZATION_LEVEL" = "-Onone"; "SWIFT_ACTIVE_COMPILATION_CONDITIONS" = "$(inherited) DEBUG"; }; }; "000000000000000000000022" = { "isa" = "XCBuildConfiguration"; "name" = "Release"; "buildSettings" = { "SDKROOT" = "macosx"; "MACOSX_DEPLOYMENT_TARGET" = "14.0"; "CLANG_ENABLE_MODULES" = "YES"; "SWIFT_OPTIMIZATION_LEVEL" = "-O"; "SWIFT_ACTIVE_COMPILATION_CONDITIONS" = "$(inherited)"; }; }; "000000000000000000000023" = { "isa" = "XCConfigurationList"; "buildConfigurations" = ("000000000000000000000021", "000000000000000000000022"); "defaultConfigurationIsVisible" = 0; "defaultConfigurationName" = "Release"; }; "000000000000000000000024" = { "isa" = "PBXProject"; "attributes" = { "LastUpgradeCheck" = "2600"; "TargetAttributes" = { "000000000000000000000020" = { "TestTargetID" = "00000000000000000000001B"; }; }; }; "buildConfigurationList" = "000000000000000000000023"; "compatibilityVersion" = "Xcode 14.0"; "developmentRegion" = "en"; "knownRegions" = ("en", "zh-Hant", "Base"); "mainGroup" = "000000000000000000000015"; "productRefGroup" = "000000000000000000000014"; "projectDirPath" = ""; "projectRoot" = ""; "targets" = ("00000000000000000000001B", "000000000000000000000020"); }; }; "rootObject" = "000000000000000000000024"; }
